
Microsoft Visual Studio Solution File, Format Version 12.00
# Visual Studio Version 16
VisualStudioVersion = 16.0.31613.86
MinimumVisualStudioVersion = 10.0.40219.1
Project("{FAE04EC0-301F-11D3-BF4B-00C04F79EFBC}") = "SeriLogApiCore", "SeriLogApiCore\SeriLogApiCore.csproj", "{21278933-8103-436D-902E-84F00CABBCB2}"
EndProject
Global
	GlobalSection(SolutionConfigurationPlatforms) = preSolution
		Debug|Any CPU = Debug|Any CPU
		Release|Any CPU = Release|Any CPU
	EndGlobalSection
	GlobalSection(ProjectConfigurationPlatforms) = postSolution
		{21278933-8103-436D-902E-84F00CABBCB2}.Debug|Any CPU.ActiveCfg = Debug|Any CPU
		{21278933-8103-436D-902E-84F00CABBCB2}.Debug|Any CPU.Build.0 = Debug|Any CPU
		{21278933-8103-436D-902E-84F00CABBCB2}.Release|Any CPU.ActiveCfg = Release|Any CPU
		{21278933-8103-436D-902E-84F00CABBCB2}.Release|Any CPU.Build.0 = Release|Any CPU
	EndGlobalSection
	GlobalSection(SolutionProperties) = preSolution
		HideSolutionNode = FALSE
	EndGlobalSection
	GlobalSection(ExtensibilityGlobals) = postSolution
		SolutionGuid = {D7EACB4F-78AF-4B6B-B19C-0151FE2D1D5B}
	EndGlobalSection
EndGlobal
